
Microsoft Visual Studio Solution File, Format Version 12.00
# Visual Studio Version 16
VisualStudioVersion = 16.0.29102.190
MinimumVisualStudioVersion = 10.0.40219.1
Project("{888888A0-9F3D-457C-B088-3A5042F75D52}") = "DjangoWebProject4", "DjangoWebProject4.pyproj", "{6FA5C784-5492-4883-BB0C-BB8706A4A199}"
EndProject
Global
	GlobalSection(SolutionConfigurationPlatforms) = preSolution
		Debug|Any CPU = Debug|Any CPU
		Release|Any CPU = Release|Any CPU
	EndGlobalSection
	GlobalSection(ProjectConfigurationPlatforms) = postSolution
		{6FA5C784-5492-4883-BB0C-BB8706A4A199}.Debug|Any CPU.ActiveCfg = Debug|Any CPU
		{6FA5C784-5492-4883-BB0C-BB8706A4A199}.Debug|Any CPU.Build.0 = Debug|Any CPU
		{6FA5C784-5492-4883-BB0C-BB8706A4A199}.Release|Any CPU.ActiveCfg = Release|Any CPU
		{6FA5C784-5492-4883-BB0C-BB8706A4A199}.Release|Any CPU.Build.0 = Release|Any CPU
	EndGlobalSection
	GlobalSection(SolutionProperties) = preSolution
		HideSolutionNode = FALSE
	EndGlobalSection
	GlobalSection(ExtensibilityGlobals) = postSolution
		SolutionGuid = {EB55DDD1-98A3-4B55-9E94-77600D5B4036}
	EndGlobalSection
EndGlobal
